// !$*UTF8*$!
{
	archiveVersion = 1;
	classes = {
	};
	objectVersion = 56;
	objects = {

/* Begin PBXBuildFile section */
		F33EFD722A3B10E9009DC911 /* ReportViewController.swift in Sources */ = {isa = PBXBuildFile; fileRef = F33EFD702A3B10E9009DC911 /* ReportViewController.swift */; };
		F33EFD732A3B10E9009DC911 /* ReportViewController.xib in Resources */ = {isa = PBXBuildFile; fileRef = F33EFD712A3B10E9009DC911 /* ReportViewController.xib */; };
		F33EFD762A3B13EF009DC911 /* HeadTableViewCell.swift in Sources */ = {isa = PBXBuildFile; fileRef = F33EFD742A3B13EF009DC911 /* HeadTableViewCell.swift */; };
		F33EFD772A3B13EF009DC911 /* HeadTableViewCell.xib in Resources */ = {isa = PBXBuildFile; fileRef = F33EFD752A3B13EF009DC911 /* HeadTableViewCell.xib */; };
		F33EFD7A2A3B1482009DC911 /* OptionTableViewCell.swift in Sources */ = {isa = PBXBuildFile; fileRef = F33EFD782A3B1482009DC911 /* OptionTableViewCell.swift */; };
		F33EFD7B2A3B1482009DC911 /* OptionTableViewCell.xib in Resources */ = {isa = PBXBuildFile; fileRef = F33EFD792A3B1482009DC911 /* OptionTableViewCell.xib */; };
		F33EFD7D2A3B19DF009DC911 /* Data.swift in Sources */ = {isa = PBXBuildFile; fileRef = F33EFD7C2A3B19DF009DC911 /* Data.swift */; };
		F3A2DD932A39EE3E0015734A /* AppDelegate.swift in Sources */ = {isa = PBXBuildFile; fileRef = F3A2DD922A39EE3E0015734A /* AppDelegate.swift */; };
		F3A2DD952A39EE3E0015734A /* SceneDelegate.swift in Sources */ = {isa = PBXBuildFile; fileRef = F3A2DD942A39EE3E0015734A /* SceneDelegate.swift */; };
		F3A2DD972A39EE3E0015734A /* ViewController.swift in Sources */ = {isa = PBXBuildFile; fileRef = F3A2DD962A39EE3E0015734A /* ViewController.swift */; };
		F3A2DD9A2A39EE3E0015734A /* Main.storyboard in Resources */ = {isa = PBXBuildFile; fileRef = F3A2DD982A39EE3E0015734A /* Main.storyboard */; };
		F3A2DD9C2A39EE3F0015734A /* Assets.xcassets in Resources */ = {isa = PBXBuildFile; fileRef = F3A2DD9B2A39EE3F0015734A /* Assets.xcassets */; };
		F3A2DD9F2A39EE3F0015734A /* LaunchScreen.storyboard in Resources */ = {isa = PBXBuildFile; fileRef = F3A2DD9D2A39EE3F0015734A /* LaunchScreen.storyboard */; };
		F3A2DDA72A39F99F0015734A /* HeaderView.xib in Resources */ = {isa = PBXBuildFile; fileRef = F3A2DDA62A39F99F0015734A /* HeaderView.xib */; };
		F3A2DDA92A39FD0D0015734A /* HeaderView.swift in Sources */ = {isa = PBXBuildFile; fileRef = F3A2DDA82A39FD0D0015734A /* HeaderView.swift */; };
/* End PBXBuildFile section */

/* Begin PBXFileReference section */
		F33EFD702A3B10E9009DC911 /* ReportViewController.swift */ = {isa = PBXFileReference; lastKnownFileType = sourcecode.swift; path = ReportViewController.swift; sourceTree = "<group>"; };
		F33EFD712A3B10E9009DC911 /* ReportViewController.xib */ = {isa = PBXFileReference; lastKnownFileType = file.xib; path = ReportViewController.xib; sourceTree = "<group>"; };
		F33EFD742A3B13EF009DC911 /* HeadTableViewCell.swift */ = {isa = PBXFileReference; lastKnownFileType = sourcecode.swift; path = HeadTableViewCell.swift; sourceTree = "<group>"; };
		F33EFD752A3B13EF009DC911 /* HeadTableViewCell.xib */ = {isa = PBXFileReference; lastKnownFileType = file.xib; path = HeadTableViewCell.xib; sourceTree = "<group>"; };
		F33EFD782A3B1482009DC911 /* OptionTableViewCell.swift */ = {isa = PBXFileReference; lastKnownFileType = sourcecode.swift; path = OptionTableViewCell.swift; sourceTree = "<group>"; };
		F33EFD792A3B1482009DC911 /* OptionTableViewCell.xib */ = {isa = PBXFileReference; lastKnownFileType = file.xib; path = OptionTableViewCell.xib; sourceTree = "<group>"; };
		F33EFD7C2A3B19DF009DC911 /* Data.swift */ = {isa = PBXFileReference; lastKnownFileType = sourcecode.swift; path = Data.swift; sourceTree = "<group>"; };
		F3A2DD8F2A39EE3E0015734A /* Report.app */ = {isa = PBXFileReference; explicitFileType = wrapper.application; includeInIndex = 0; path = Report.app; sourceTree = BUILT_PRODUCTS_DIR; };
		F3A2DD922A39EE3E0015734A /* AppDelegate.swift */ = {isa = PBXFileReference; lastKnownFileType = sourcecode.swift; path = AppDelegate.swift; sourceTree = "<group>"; };
		F3A2DD942A39EE3E0015734A /* SceneDelegate.swift */ = {isa = PBXFileReference; lastKnownFileType = sourcecode.swift; path = SceneDelegate.swift; sourceTree = "<group>"; };
		F3A2DD962A39EE3E0015734A /* ViewController.swift */ = {isa = PBXFileReference; lastKnownFileType = sourcecode.swift; path = ViewController.swift; sourceTree = "<group>"; };
		F3A2DD992A39EE3E0015734A /* Base */ = {isa = PBXFileReference; lastKnownFileType = file.storyboard; name = Base; path = Base.lproj/Main.storyboard; sourceTree = "<group>"; };
		F3A2DD9B2A39EE3F0015734A /* Assets.xcassets */ = {isa = PBXFileReference; lastKnownFileType = folder.assetcatalog; path = Assets.xcassets; sourceTree = "<group>"; };
		F3A2DD9E2A39EE3F0015734A /* Base */ = {isa = PBXFileReference; lastKnownFileType = file.storyboard; name = Base; path = Base.lproj/LaunchScreen.storyboard; sourceTree = "<group>"; };
		F3A2DDA02A39EE3F0015734A /* Info.plist */ = {isa = PBXFileReference; lastKnownFileType = text.plist.xml; path = Info.plist; sourceTree = "<group>"; };
		F3A2DDA62A39F99F0015734A /* HeaderView.xib */ = {isa = PBXFileReference; lastKnownFileType = file.xib; path = HeaderView.xib; sourceTree = "<group>"; };
		F3A2DDA82A39FD0D0015734A /* HeaderView.swift */ = {isa = PBXFileReference; lastKnownFileType = sourcecode.swift; path = HeaderView.swift; sourceTree = "<group>"; };
/* End PBXFileReference section */

/* Begin PBXFrameworksBuildPhase section */
		F3A2DD8C2A39EE3E0015734A /* Frameworks */ = {
			isa = PBXFrameworksBuildPhase;
			buildActionMask = 2147483647;
			files = (
			);
			runOnlyForDeploymentPostprocessing = 0;
		};
/* End PBXFrameworksBuildPhase section */

/* Begin PBXGroup section */
		F3A2DD862A39EE3E0015734A = {
			isa = PBXGroup;
			children = (
				F3A2DD912A39EE3E0015734A /* Report */,
				F3A2DD902A39EE3E0015734A /* Products */,
			);
			sourceTree = "<group>";
		};
		F3A2DD902A39EE3E0015734A /* Products */ = {
			isa = PBXGroup;
			children = (
				F3A2DD8F2A39EE3E0015734A /* Report.app */,
			);
			name = Products;
			sourceTree = "<group>";
		};
		F3A2DD912A39EE3E0015734A /* Report */ = {
			isa = PBXGroup;
			children = (
				F3A2DD942A39EE3E0015734A /* SceneDelegate.swift */,
				F3A2DD922A39EE3E0015734A /* AppDelegate.swift */,
				F33EFD7C2A3B19DF009DC911 /* Data.swift */,
				F3A2DD962A39EE3E0015734A /* ViewController.swift */,
				F3A2DD982A39EE3E0015734A /* Main.storyboard */,
				F3A2DDA82A39FD0D0015734A /* HeaderView.swift */,
				F3A2DDA62A39F99F0015734A /* HeaderView.xib */,
				F33EFD702A3B10E9009DC911 /* ReportViewController.swift */,
				F33EFD712A3B10E9009DC911 /* ReportViewController.xib */,
				F33EFD742A3B13EF009DC911 /* HeadTableViewCell.swift */,
				F33EFD752A3B13EF009DC911 /* HeadTableViewCell.xib */,
				F33EFD782A3B1482009DC911 /* OptionTableViewCell.swift */,
				F33EFD792A3B1482009DC911 /* OptionTableViewCell.xib */,
				F3A2DD9B2A39EE3F0015734A /* Assets.xcassets */,
				F3A2DD9D2A39EE3F0015734A /* LaunchScreen.storyboard */,
				F3A2DDA02A39EE3F0015734A /* Info.plist */,
			);
			path = Report;
			sourceTree = "<group>";
		};
/* End PBXGroup section */

/* Begin PBXNativeTarget section */
		F3A2DD8E2A39EE3E0015734A /* Report */ = {
			isa = PBXNativeTarget;
			buildConfigurationList = F3A2DDA32A39EE3F0015734A /* Build configuration list for PBXNativeTarget "Report" */;
			buildPhases = (
				F3A2DD8B2A39EE3E0015734A /* Sources */,
				F3A2DD8C2A39EE3E0015734A /* Frameworks */,
				F3A2DD8D2A39EE3E0015734A /* Resources */,
			);
			buildRules = (
			);
			dependencies = (
			);
			name = Report;
			productName = Report;
			productReference = F3A2DD8F2A39EE3E0015734A /* Report.app */;
			productType = "com.apple.product-type.application";
		};
/* End PBXNativeTarget section */

/* Begin PBXProject section */
		F3A2DD872A39EE3E0015734A /* Project object */ = {
			isa = PBXProject;
			attributes = {
				BuildIndependentTargetsInParallel = 1;
				LastSwiftUpdateCheck = 1430;
				LastUpgradeCheck = 1430;
				TargetAttributes = {
					F3A2DD8E2A39EE3E0015734A = {
						CreatedOnToolsVersion = 14.3.1;
					};
				};
			};
			buildConfigurationList = F3A2DD8A2A39EE3E0015734A /* Build configuration list for PBXProject "Report" */;
			compatibilityVersion = "Xcode 14.0";
			developmentRegion = en;
			hasScannedForEncodings = 0;
			knownRegions = (
				en,
				Base,
			);
			mainGroup = F3A2DD862A39EE3E0015734A;
			productRefGroup = F3A2DD902A39EE3E0015734A /* Products */;
			projectDirPath = "";
			projectRoot = "";
			targets = (
				F3A2DD8E2A39EE3E0015734A /* Report */,
			);
		};
/* End PBXProject section */

/* Begin PBXResourcesBuildPhase section */
		F3A2DD8D2A39EE3E0015734A /* Resources */ = {
			isa = PBXResourcesBuildPhase;
			buildActionMask = 2147483647;
			files = (
				F33EFD732A3B10E9009DC911 /* ReportViewController.xib in Resources */,
				F3A2DD9F2A39EE3F0015734A /* LaunchScreen.storyboard in Resources */,
				F33EFD7B2A3B1482009DC911 /* OptionTableViewCell.xib in Resources */,
				F3A2DD9C2A39EE3F0015734A /* Assets.xcassets in Resources */,
				F3A2DD9A2A39EE3E0015734A /* Main.storyboard in Resources */,
				F3A2DDA72A39F99F0015734A /* HeaderView.xib in Resources */,
				F33EFD772A3B13EF009DC911 /* HeadTableViewCell.xib in Resources */,
			);
			runOnlyForDeploymentPostprocessing = 0;
		};
/* End PBXResourcesBuildPhase section */

/* Begin PBXSourcesBuildPhase section */
		F3A2DD8B2A39EE3E0015734A /* Sources */ = {
			isa = PBXSourcesBuildPhase;
			buildActionMask = 2147483647;
			files = (
				F3A2DD972A39EE3E0015734A /* ViewController.swift in Sources */,
				F3A2DD932A39EE3E0015734A /* AppDelegate.swift in Sources */,
				F3A2DD952A39EE3E0015734A /* SceneDelegate.swift in Sources */,
				F33EFD762A3B13EF009DC911 /* HeadTableViewCell.swift in Sources */,
				F33EFD722A3B10E9009DC911 /* ReportViewController.swift in Sources */,
				F3A2DDA92A39FD0D0015734A /* HeaderView.swift in Sources */,
				F33EFD7A2A3B1482009DC911 /* OptionTableViewCell.swift in Sources */,
				F33EFD7D2A3B19DF009DC911 /* Data.swift in Sources */,
			);
			runOnlyForDeploymentPostprocessing = 0;
		};
/* End PBXSourcesBuildPhase section */

/* Begin PBXVariantGroup section */
		F3A2DD982A39EE3E0015734A /* Main.storyboard */ = {
			isa = PBXVariantGroup;
			children = (
				F3A2DD992A39EE3E0015734A /* Base */,
			);
			name = Main.storyboard;
			sourceTree = "<group>";
		};
		F3A2DD9D2A39EE3F0015734A /* LaunchScreen.storyboard */ = {
			isa = PBXVariantGroup;
			children = (
				F3A2DD9E2A39EE3F0015734A /* Base */,
			);
			name = LaunchScreen.storyboard;
			sourceTree = "<group>";
		};
/* End PBXVariantGroup section */

/* Begin XCBuildConfiguration section */
		F3A2DDA12A39EE3F0015734A /* Debug */ = {
			isa = XCBuildConfiguration;
			buildSettings = {
				ALWAYS_SEARCH_USER_PATHS = NO;
				CLANG_ANALYZER_NONNULL = YES;
				CLANG_ANALYZER_NUMBER_OBJECT_CONVERSION = YES_AGGRESSIVE;
				CLANG_CXX_LANGUAGE_STANDARD = "gnu++20";
				CLANG_ENABLE_MODULES = YES;
				CLANG_ENABLE_OBJC_ARC = YES;
				CLANG_ENABLE_OBJC_WEAK = YES;
				CLANG_WARN_BLOCK_CAPTURE_AUTORELEASING = YES;
				CLANG_WARN_BOOL_CONVERSION = YES;
				CLANG_WARN_COMMA = YES;
				CLANG_WARN_CONSTANT_CONVERSION = YES;
				CLANG_WARN_DEPRECATED_OBJC_IMPLEMENTATIONS = YES;
				CLANG_WARN_DIRECT_OBJC_ISA_USAGE = YES_ERROR;
				CLANG_WARN_DOCUMENTATION_COMMENTS = YES;
				CLANG_WARN_EMPTY_BODY = YES;
				CLANG_WARN_ENUM_CONVERSION = YES;
				CLANG_WARN_INFINITE_RECURSION = YES;
				CLANG_WARN_INT_CONVERSION = YES;
				CLANG_WARN_NON_LITERAL_NULL_CONVERSION = YES;
				CLANG_WARN_OBJC_IMPLICIT_RETAIN_SELF = YES;
				CLANG_WARN_OBJC_LITERAL_CONVERSION = YES;
				CLANG_WARN_OBJC_ROOT_CLASS = YES_ERROR;
				CLANG_WARN_QUOTED_INCLUDE_IN_FRAMEWORK_HEADER = YES;
				CLANG_WARN_RANGE_LOOP_ANALYSIS = YES;
				CLANG_WARN_STRICT_PROTOTYPES = YES;
				CLANG_WARN_SUSPICIOUS_MOVE = YES;
				CLANG_WARN_UNGUARDED_AVAILABILITY = YES_AGGRESSIVE;
				CLANG_WARN_UNREACHABLE_CODE = YES;
				CLANG_WARN__DUPLICATE_METHOD_MATCH = YES;
				COPY_PHASE_STRIP = NO;
				DEBUG_INFORMATION_FORMAT = dwarf;
				ENABLE_STRICT_OBJC_MSGSEND = YES;
				ENABLE_TESTABILITY = YES;
				GCC_C_LANGUAGE_STANDARD = gnu11;
				GCC_DYNAMIC_NO_PIC = NO;
				GCC_NO_COMMON_BLOCKS = YES;
				GCC_OPTIMIZATION_LEVEL = 0;
				GCC_PREPROCESSOR_DEFINITIONS = (
					"DEBUG=1",
					"$(inherited)",
				);
				GCC_WARN_64_TO_32_BIT_CONVERSION = YES;
				GCC_WARN_ABOUT_RETURN_TYPE = YES_ERROR;
				GCC_WARN_UNDECLARED_SELECTOR = YES;
				GCC_WARN_UNINITIALIZED_AUTOS = YES_AGGRESSIVE;
				GCC_WARN_UNUSED_FUNCTION = YES;
				GCC_WARN_UNUSED_VARIABLE = YES;
				IPHONEOS_DEPLOYMENT_TARGET = 16.4;
				MTL_ENABLE_DEBUG_INFO = INCLUDE_SOURCE;
				MTL_FAST_MATH = YES;
				ONLY_ACTIVE_ARCH = YES;
				SDKROOT = iphoneos;
				SWIFT_ACTIVE_COMPILATION_CONDITIONS = DEBUG;
				SWIFT_OPTIMIZATION_LEVEL = "-Onone";
			};
			name = Debug;
		};
		F3A2DDA22A39EE3F0015734A /* Release */ = {
			isa = XCBuildConfiguration;
			buildSettings = {
				ALWAYS_SEARCH_USER_PATHS = NO;
				CLANG_ANALYZER_NONNULL = YES;
				CLANG_ANALYZER_NUMBER_OBJECT_CONVERSION = YES_AGGRESSIVE;
				CLANG_CXX_LANGUAGE_STANDARD = "gnu++20";
				CLANG_ENABLE_MODULES = YES;
				CLANG_ENABLE_OBJC_ARC = YES;
				CLANG_ENABLE_OBJC_WEAK = YES;
				CLANG_WARN_BLOCK_CAPTURE_AUTORELEASING = YES;
				CLANG_WARN_BOOL_CONVERSION = YES;
				CLANG_WARN_COMMA = YES;
				CLANG_WARN_CONSTANT_CONVERSION = YES;
				CLANG_WARN_DEPRECATED_OBJC_IMPLEMENTATIONS = YES;
				CLANG_WARN_DIRECT_OBJC_ISA_USAGE = YES_ERROR;
				CLANG_WARN_DOCUMENTATION_COMMENTS = YES;
				CLANG_WARN_EMPTY_BODY = YES;
				CLANG_WARN_ENUM_CONVERSION = YES;
				CLANG_WARN_INFINITE_RECURSION = YES;
				CLANG_WARN_INT_CONVERSION = YES;
				CLANG_WARN_NON_LITERAL_NULL_CONVERSION = YES;
				CLANG_WARN_OBJC_IMPLICIT_RETAIN_SELF = YES;
				CLANG_WARN_OBJC_LITERAL_CONVERSION = YES;
				CLANG_WARN_OBJC_ROOT_CLASS = YES_ERROR;
				CLANG_WARN_QUOTED_INCLUDE_IN_FRAMEWORK_HEADER = YES;
				CLANG_WARN_RANGE_LOOP_ANALYSIS = YES;
				CLANG_WARN_STRICT_PROTOTYPES = YES;
				CLANG_WARN_SUSPICIOUS_MOVE = YES;
				CLANG_WARN_UNGUARDED_AVAILABILITY = YES_AGGRESSIVE;
				CLANG_WARN_UNREACHABLE_CODE = YES;
				CLANG_WARN__DUPLICATE_METHOD_MATCH = YES;
				COPY_PHASE_STRIP = NO;
				DEBUG_INFORMATION_FORMAT = "dwarf-with-dsym";
				ENABLE_NS_ASSERTIONS = NO;
				ENABLE_STRICT_OBJC_MSGSEND = YES;
				GCC_C_LANGUAGE_STANDARD = gnu11;
				GCC_NO_COMMON_BLOCKS = YES;
				GCC_WARN_64_TO_32_BIT_CONVERSION = YES;
				GCC_WARN_ABOUT_RETURN_TYPE = YES_ERROR;
				GCC_WARN_UNDECLARED_SELECTOR = YES;
				GCC_WARN_UNINITIALIZED_AUTOS = YES_AGGRESSIVE;
				GCC_WARN_UNUSED_FUNCTION = YES;
				GCC_WARN_UNUSED_VARIABLE = YES;
				IPHONEOS_DEPLOYMENT_TARGET = 16.4;
				MTL_ENABLE_DEBUG_INFO = NO;
				MTL_FAST_MATH = YES;
				SDKROOT = iphoneos;
				SWIFT_COMPILATION_MODE = wholemodule;
				SWIFT_OPTIMIZATION_LEVEL = "-O";
				VALIDATE_PRODUCT = YES;
			};
			name = Release;
		};
		F3A2DDA42A39EE3F0015734A /* Debug */ = {
			isa = XCBuildConfiguration;
			buildSettings = {
				ASSETCATALOG_COMPILER_APPICON_NAME = AppIcon;
				ASSETCATALOG_COMPILER_GLOBAL_ACCENT_COLOR_NAME = AccentColor;
				CODE_SIGN_STYLE = Automatic;
				CURRENT_PROJECT_VERSION = 1;
				DEVELOPMENT_TEAM = WCA3388S2A;
				GENERATE_INFOPLIST_FILE = YES;
				INFOPLIST_FILE = Report/Info.plist;
				INFOPLIST_KEY_UIApplicationSupportsIndirectInputEvents = YES;
				INFOPLIST_KEY_UILaunchStoryboardName = LaunchScreen;
				INFOPLIST_KEY_UIMainStoryboardFile = Main;
				INFOPLIST_KEY_UISupportedInterfaceOrientations_iPad = "UIInterfaceOrientationPortrait UIInterfaceOrientationPortraitUpsideDown UIInterfaceOrientationLandscapeLeft UIInterfaceOrientationLandscapeRight";
				INFOPLIST_KEY_UISupportedInterfaceOrientations_iPhone = "UIInterfaceOrientationPortrait UIInterfaceOrientationLandscapeLeft UIInterfaceOrientationLandscapeRight";
				LD_RUNPATH_SEARCH_PATHS = (
					"$(inherited)",
					"@executable_path/Frameworks",
				);
				MARKETING_VERSION = 1.0;
				PRODUCT_BUNDLE_IDENTIFIER = AV.Report;
				PRODUCT_NAME = "$(TARGET_NAME)";
				SWIFT_EMIT_LOC_STRINGS = YES;
				SWIFT_VERSION = 5.0;
				TARGETED_DEVICE_FAMILY = "1,2";
			};
			name = Debug;
		};
		F3A2DDA52A39EE3F0015734A /* Release */ = {
			isa = XCBuildConfiguration;
			buildSettings = {
				ASSETCATALOG_COMPILER_APPICON_NAME = AppIcon;
				ASSETCATALOG_COMPILER_GLOBAL_ACCENT_COLOR_NAME = AccentColor;
				CODE_SIGN_STYLE = Automatic;
				CURRENT_PROJECT_VERSION = 1;
				DEVELOPMENT_TEAM = WCA3388S2A;
				GENERATE_INFOPLIST_FILE = YES;
				INFOPLIST_FILE = Report/Info.plist;
				INFOPLIST_KEY_UIApplicationSupportsIndirectInputEvents = YES;
				INFOPLIST_KEY_UILaunchStoryboardName = LaunchScreen;
				INFOPLIST_KEY_UIMainStoryboardFile = Main;
				INFOPLIST_KEY_UISupportedInterfaceOrientations_iPad = "UIInterfaceOrientationPortrait UIInterfaceOrientationPortraitUpsideDown UIInterfaceOrientationLandscapeLeft UIInterfaceOrientationLandscapeRight";
				INFOPLIST_KEY_UISupportedInterfaceOrientations_iPhone = "UIInterfaceOrientationPortrait UIInterfaceOrientationLandscapeLeft UIInterfaceOrientationLandscapeRight";
				LD_RUNPATH_SEARCH_PATHS = (
					"$(inherited)",
					"@executable_path/Frameworks",
				);
				MARKETING_VERSION = 1.0;
				PRODUCT_BUNDLE_IDENTIFIER = AV.Report;
				PRODUCT_NAME = "$(TARGET_NAME)";
				SWIFT_EMIT_LOC_STRINGS = YES;
				SWIFT_VERSION = 5.0;
				TARGETED_DEVICE_FAMILY = "1,2";
			};
			name = Release;
		};
/* End XCBuildConfiguration section */

/* Begin XCConfigurationList section */
		F3A2DD8A2A39EE3E0015734A /* Build configuration list for PBXProject "Report" */ = {
			isa = XCConfigurationList;
			buildConfigurations = (
				F3A2DDA12A39EE3F0015734A /* Debug */,
				F3A2DDA22A39EE3F0015734A /* Release */,
			);
			defaultConfigurationIsVisible = 0;
			defaultConfigurationName = Release;
		};
		F3A2DDA32A39EE3F0015734A /* Build configuration list for PBXNativeTarget "Report" */ = {
			isa = XCConfigurationList;
			buildConfigurations = (
				F3A2DDA42A39EE3F0015734A /* Debug */,
				F3A2DDA52A39EE3F0015734A /* Release */,
			);
			defaultConfigurationIsVisible = 0;
			defaultConfigurationName = Release;
		};
/* End XCConfigurationList section */
	};
	rootObject = F3A2DD872A39EE3E0015734A /* Project object */;
}
